
Microsoft Visual Studio Solution File, Format Version 12.00
Project("{FAE04EC0-301F-11D3-BF4B-00C04F79EFBC}") = "Mission5", "Mission5\Mission5.csproj", "{4DFBB819-76CA-48F7-8394-877542F9A806}"
EndProject
Global
	GlobalSection(SolutionConfigurationPlatforms) = preSolution
		Debug|Any CPU = Debug|Any CPU
		Release|Any CPU = Release|Any CPU
	EndGlobalSection
	GlobalSection(ProjectConfigurationPlatforms) = postSolution
		{4DFBB819-76CA-48F7-8394-877542F9A806}.Debug|Any CPU.ActiveCfg = Debug|Any CPU
		{4DFBB819-76CA-48F7-8394-877542F9A806}.Debug|Any CPU.Build.0 = Debug|Any CPU
		{4DFBB819-76CA-48F7-8394-877542F9A806}.Release|Any CPU.ActiveCfg = Release|Any CPU
		{4DFBB819-76CA-48F7-8394-877542F9A806}.Release|Any CPU.Build.0 = Release|Any CPU
	EndGlobalSection
EndGlobal
